
Microsoft Visual Studio Solution File, Format Version 12.00
# Visual Studio Version 17
VisualStudioVersion = 17.9.34607.119
MinimumVisualStudioVersion = 10.0.40219.1
Project("{FAE04EC0-301F-11D3-BF4B-00C04F79EFBC}") = "JKFTaoyuanCityWorkbook", "JKFTaoyuanCityWorkbook\JKFTaoyuanCityWorkbook.csproj", "{4230CA2F-C200-4BFF-8693-B6577EA50AAD}"
EndProject
Global
	GlobalSection(SolutionConfigurationPlatforms) = preSolution
		Debug|Any CPU = Debug|Any CPU
		Release|Any CPU = Release|Any CPU
	EndGlobalSection
	GlobalSection(ProjectConfigurationPlatforms) = postSolution
		{4230CA2F-C200-4BFF-8693-B6577EA50AAD}.Debug|Any CPU.ActiveCfg = Debug|Any CPU
		{4230CA2F-C200-4BFF-8693-B6577EA50AAD}.Debug|Any CPU.Build.0 = Debug|Any CPU
		{4230CA2F-C200-4BFF-8693-B6577EA50AAD}.Release|Any CPU.ActiveCfg = Release|Any CPU
		{4230CA2F-C200-4BFF-8693-B6577EA50AAD}.Release|Any CPU.Build.0 = Release|Any CPU
	EndGlobalSection
	GlobalSection(SolutionProperties) = preSolution
		HideSolutionNode = FALSE
	EndGlobalSection
	GlobalSection(ExtensibilityGlobals) = postSolution
		SolutionGuid = {593BA34A-D7AC-4D8E-BE55-311900E3C099}
	EndGlobalSection
EndGlobal
